dependencies:
  espressif/button:
    component_hash: 95babe831403e301511a22a4dfcd599abcf32cf72c7f8ac5352a61662363c9ea
    dependencies:
    - name: espressif/cmake_utilities
      registry_url: https://components.espressif.com
      require: private
      version: '*'
    - name: idf
      require: private
      version: '>=4.0'
    source:
      registry_url: https://components.espressif.com/
      type: service
    version: 4.1.7
  espressif/cmake_utilities:
    component_hash: 351350613ceafba240b761b4ea991e0f231ac7a9f59a9ee901f751bddc0bb18f
    dependencies:
    - name: idf
      require: private
      version: '>=4.1'
    source:
      registry_url: https://components.espressif.com
      type: service
    version: 0.5.3
  espressif/esp32_s3_lcd_ev_board:
    component_hash: 78124ab03dfa94060abbfcafc4827577651718a22c22a3f0638116e9d60c030f
    dependencies:
    - name: espressif/button
      registry_url: https://components.espressif.com
      require: public
      version: ^4
    - name: espressif/esp_codec_dev
      registry_url: https://components.espressif.com
      require: public
      version: ~1.5
    - name: espressif/esp_io_expander_tca9554
      registry_url: https://components.espressif.com
      require: public
      version: ^2
    - name: espressif/esp_lcd_gc9503
      registry_url: https://components.espressif.com
      require: public
      version: ^3
    - name: espressif/esp_lcd_panel_io_additions
      registry_url: https://components.espressif.com
      require: private
      version: ^1
    - name: espressif/esp_lcd_touch_ft5x06
      registry_url: https://components.espressif.com
      require: private
      version: ^1
    - name: espressif/esp_lcd_touch_gt1151
      registry_url: https://components.espressif.com
      require: private
      version: ^1
    - name: espressif/esp_lvgl_port
      registry_url: https://components.espressif.com
      require: public
      version: ^2
    - name: idf
      require: private
      version: '>=5.3'
    source:
      registry_url: https://components.espressif.com/
      type: service
    targets:
    - esp32s3
    version: 4.1.0
  espressif/esp_codec_dev:
    component_hash: 896c67360ae1f8dedaf8a53dfe48c015317fa455f061a5165307892296990028
    dependencies:
    - name: idf
      require: private
      version: '>=4.0'
    source:
      registry_url: https://components.espressif.com/
      type: service
    version: 1.5.10
  espressif/esp_io_expander:
    component_hash: 7b7f91270172e46ca4597e3874f48d8412e280e8c295559f5922ec38656e3e5f
    dependencies:
    - name: idf
      require: private
      version: '>=4.4.2'
    source:
      registry_url: https://components.espressif.com
      type: service
    version: 1.2.1
  espressif/esp_io_expander_tca9554:
    component_hash: ee94a439ade1c17129a491efe572c600899306a2ffadbde491852d95333e28b4
    dependencies:
    - name: espressif/esp_io_expander
      registry_url: https://components.espressif.com
      require: public
      version: ^1.2.0
    - name: idf
      require: private
      version: '>=5.2'
    source:
      registry_url: https://components.espressif.com
      type: service
    version: 2.0.3
  espressif/esp_lcd_gc9503:
    component_hash: 6940bf99cd08e7e8eb7ad5efbe88ebf9cc8eeb975fcf1c815d120956d06be940
    dependencies:
    - name: idf
      require: private
      version: '>5.0.4,!=5.1.1'
    - name: espressif/cmake_utilities
      registry_url: https://components.espressif.com
      require: private
      version: 0.*
    source:
      registry_url: https://components.espressif.com
      type: service
    targets:
    - esp32s3
    version: 3.0.1
  espressif/esp_lcd_panel_io_additions:
    component_hash: 1856c8b2c11aaa8a9fd67481582162bcad25f7064661a995f35c2ee8dd10ebcc
    dependencies:
    - name: espressif/cmake_utilities
      registry_url: https://components.espressif.com
      require: private
      version: 0.*
    - name: espressif/esp_io_expander
      registry_url: https://components.espressif.com
      require: public
      version: ^1
    - name: idf
      require: private
      version: '>=4.4.2'
    source:
      registry_url: https://components.espressif.com
      type: service
    version: 1.0.1~1
  espressif/esp_lcd_touch:
    component_hash: 3f85a7d95af876f1a6ecca8eb90a81614890d0f03a038390804e5a77e2caf862
    dependencies:
    - name: idf
      require: private
      version: '>=4.4.2'
    source:
      registry_url: https://components.espressif.com
      type: service
    version: 1.2.1
  espressif/esp_lcd_touch_ft5x06:
    component_hash: 8ae101b4a321b6327d98751b049e3c7fff2718ad04d676259369ff85d4edbcdf
    dependencies:
    - name: espressif/esp_lcd_touch
      registry_url: https://components.espressif.com
      require: public
      version: ^1.2.0
    - name: idf
      require: private
      version: '>=5.2'
    source:
      registry_url: https://components.espressif.com
      type: service
    version: 1.1.0~1
  espressif/esp_lcd_touch_gt1151:
    component_hash: 60ef8b9429fad6526607b7b423c3caa6728fd8eee182f67de7fefa87f9ec6754
    dependencies:
    - name: espressif/esp_lcd_touch
      registry_url: https://components.espressif.com
      require: public
      version: ^1.2.0
    - name: idf
      require: private
      version: '>=5.2'
    source:
      registry_url: https://components.espressif.com
      type: service
    version: 1.1.0~1
  espressif/esp_lvgl_port:
    component_hash: fb6c1fdfe70d4ca39a035d63ca394a35f17ec84ce16ff98ecb13a54155d75da4
    dependencies:
    - name: idf
      require: private
      version: '>=5.2'
    - name: lvgl/lvgl
      registry_url: https://components.espressif.com
      require: public
      version: '>=8,<10'
    source:
      registry_url: https://components.espressif.com
      type: service
    version: 2.8.0~1
  idf:
    source:
      type: idf
    version: 6.0.1
  lvgl/lvgl:
    component_hash: 17e68bfd21f0edf4c3ee838e2273da840bf3930e5dbc3bfa6c1190c3aed41f9f
    dependencies: []
    source:
      registry_url: https://components.espressif.com
      type: service
    version: 9.4.0
direct_dependencies:
- espressif/button
- espressif/esp32_s3_lcd_ev_board
- espressif/esp_codec_dev
manifest_hash: 8994f691d2d1ecc1127a5c0a3f252cba43b34dcdfc39eb4bf5cd46ab7c01b457
target: esp32s3
version: 3.0.0
